
Microsoft Visual Studio Solution File, Format Version 12.00
# Visual Studio Version 17
VisualStudioVersion = 17.6.33815.320
MinimumVisualStudioVersion = 10.0.40219.1
Project("{9A19103F-16F7-4668-BE54-9A1E7A4F7556}") = "Yandex.AppMetrica", "Yandex.AppMetrica\Yandex.AppMetrica.csproj", "{0706CACE-8130-482E-B31D-5B184A8EB366}"
EndProject
Project("{9A19103F-16F7-4668-BE54-9A1E7A4F7556}") = "Yandex.AppMetrica.Android", "Yandex.AppMetrica.Android\Yandex.AppMetrica.Android.csproj", "{32E7E3FF-19E7-4F3C-8F11-53094F48A117}"
EndProject
Project("{FAE04EC0-301F-11D3-BF4B-00C04F79EFBC}") = "Yandex.AppMetrica.iOS", "Yandex.AppMetrica.iOS\Yandex.AppMetrica.iOS.csproj", "{10AC00AB-6297-43C8-BA2E-5D9727FECF48}"
EndProject
Global
	GlobalSection(SolutionConfigurationPlatforms) = preSolution
		Debug|Any CPU = Debug|Any CPU
		Release|Any CPU = Release|Any CPU
	EndGlobalSection
	GlobalSection(ProjectConfigurationPlatforms) = postSolution
		{0706CACE-8130-482E-B31D-5B184A8EB366}.Debug|Any CPU.ActiveCfg = Debug|Any CPU
		{0706CACE-8130-482E-B31D-5B184A8EB366}.Debug|Any CPU.Build.0 = Debug|Any CPU
		{0706CACE-8130-482E-B31D-5B184A8EB366}.Release|Any CPU.ActiveCfg = Release|Any CPU
		{0706CACE-8130-482E-B31D-5B184A8EB366}.Release|Any CPU.Build.0 = Release|Any CPU
		{32E7E3FF-19E7-4F3C-8F11-53094F48A117}.Debug|Any CPU.ActiveCfg = Debug|Any CPU
		{32E7E3FF-19E7-4F3C-8F11-53094F48A117}.Debug|Any CPU.Build.0 = Debug|Any CPU
		{32E7E3FF-19E7-4F3C-8F11-53094F48A117}.Release|Any CPU.ActiveCfg = Release|Any CPU
		{32E7E3FF-19E7-4F3C-8F11-53094F48A117}.Release|Any CPU.Build.0 = Release|Any CPU
		{10AC00AB-6297-43C8-BA2E-5D9727FECF48}.Debug|Any CPU.ActiveCfg = Debug|Any CPU
		{10AC00AB-6297-43C8-BA2E-5D9727FECF48}.Debug|Any CPU.Build.0 = Debug|Any CPU
		{10AC00AB-6297-43C8-BA2E-5D9727FECF48}.Release|Any CPU.ActiveCfg = Release|Any CPU
		{10AC00AB-6297-43C8-BA2E-5D9727FECF48}.Release|Any CPU.Build.0 = Release|Any CPU
	EndGlobalSection
	GlobalSection(SolutionProperties) = preSolution
		HideSolutionNode = FALSE
	EndGlobalSection
	GlobalSection(ExtensibilityGlobals) = postSolution
		SolutionGuid = {AE699795-F3B9-48F6-9F9F-007B6EA472EF}
	EndGlobalSection
EndGlobal
